
Microsoft Visual Studio Solution File, Format Version 12.00
# Visual Studio Version 17
VisualStudioVersion = 17.5.002.0
MinimumVisualStudioVersion = 10.0.40219.1
Project("{2150E333-8FDC-42A3-9474-1A3956D46DE8}") = "PTPMQL", "PTPMQL", "{0601F4FD-05F8-4135-8E6B-ECD2BF11750A}"
EndProject
Project("{9A19103F-16F7-4668-BE54-9A1E7A4F7556}") = "DemoMVC", "PTPMQL\DemoMVC\DemoMVC.csproj", "{923FDC5A-6F90-4023-9B28-63DF4E8A1542}"
EndProject
Global
	GlobalSection(SolutionConfigurationPlatforms) = preSolution
		Debug|Any CPU = Debug|Any CPU
		Release|Any CPU = Release|Any CPU
	EndGlobalSection
	GlobalSection(ProjectConfigurationPlatforms) = postSolution
		{923FDC5A-6F90-4023-9B28-63DF4E8A1542}.Debug|Any CPU.ActiveCfg = Debug|Any CPU
		{923FDC5A-6F90-4023-9B28-63DF4E8A1542}.Debug|Any CPU.Build.0 = Debug|Any CPU
		{923FDC5A-6F90-4023-9B28-63DF4E8A1542}.Release|Any CPU.ActiveCfg = Release|Any CPU
		{923FDC5A-6F90-4023-9B28-63DF4E8A1542}.Release|Any CPU.Build.0 = Release|Any CPU
	EndGlobalSection
	GlobalSection(SolutionProperties) = preSolution
		HideSolutionNode = FALSE
	EndGlobalSection
	GlobalSection(NestedProjects) = preSolution
		{923FDC5A-6F90-4023-9B28-63DF4E8A1542} = {0601F4FD-05F8-4135-8E6B-ECD2BF11750A}
	EndGlobalSection
	GlobalSection(ExtensibilityGlobals) = postSolution
		SolutionGuid = {367D8D55-D8E1-47E0-BBA0-012E7DBF764B}
	EndGlobalSection
EndGlobal
